
Microsoft Visual Studio Solution File, Format Version 12.00
# Visual Studio 15
VisualStudioVersion = 15.0.28307.438
MinimumVisualStudioVersion = 10.0.40219.1
Project("{FAE04EC0-301F-11D3-BF4B-00C04F79EFBC}") = "Paint 1.0", "Paint 1.0.csproj", "{4FB0D374-C80C-4F9C-BFA5-04673EE514DE}"
EndProject
Global
	GlobalSection(SolutionConfigurationPlatforms) = preSolution
		Debug|Any CPU = Debug|Any CPU
		Release|Any CPU = Release|Any CPU
	EndGlobalSection
	GlobalSection(ProjectConfigurationPlatforms) = postSolution
		{4FB0D374-C80C-4F9C-BFA5-04673EE514DE}.Debug|Any CPU.ActiveCfg = Debug|Any CPU
		{4FB0D374-C80C-4F9C-BFA5-04673EE514DE}.Debug|Any CPU.Build.0 = Debug|Any CPU
		{4FB0D374-C80C-4F9C-BFA5-04673EE514DE}.Release|Any CPU.ActiveCfg = Release|Any CPU
		{4FB0D374-C80C-4F9C-BFA5-04673EE514DE}.Release|Any CPU.Build.0 = Release|Any CPU
	EndGlobalSection
	GlobalSection(SolutionProperties) = preSolution
		HideSolutionNode = FALSE
	EndGlobalSection
	GlobalSection(ExtensibilityGlobals) = postSolution
		SolutionGuid = {251369A8-E081-4FF5-B994-95B927ACAAE3}
	EndGlobalSection
EndGlobal
