
Microsoft Visual Studio Solution File, Format Version 12.00
# Visual Studio 15
VisualStudioVersion = 15.0.28307.329
MinimumVisualStudioVersion = 10.0.40219.1
Project("{FAE04EC0-301F-11D3-BF4B-00C04F79EFBC}") = "ConsoleApp1", "ConsoleApp1\ConsoleApp1.csproj", "{2FB173A7-43D2-48D4-9D02-90211F8E6726}"
EndProject
Global
	GlobalSection(SolutionConfigurationPlatforms) = preSolution
		Debug|Any CPU = Debug|Any CPU
		Release|Any CPU = Release|Any CPU
	EndGlobalSection
	GlobalSection(ProjectConfigurationPlatforms) = postSolution
		{2FB173A7-43D2-48D4-9D02-90211F8E6726}.Debug|Any CPU.ActiveCfg = Debug|Any CPU
		{2FB173A7-43D2-48D4-9D02-90211F8E6726}.Debug|Any CPU.Build.0 = Debug|Any CPU
		{2FB173A7-43D2-48D4-9D02-90211F8E6726}.Release|Any CPU.ActiveCfg = Release|Any CPU
		{2FB173A7-43D2-48D4-9D02-90211F8E6726}.Release|Any CPU.Build.0 = Release|Any CPU
	EndGlobalSection
	GlobalSection(SolutionProperties) = preSolution
		HideSolutionNode = FALSE
	EndGlobalSection
	GlobalSection(ExtensibilityGlobals) = postSolution
		SolutionGuid = {67D84E6C-6B86-49A8-A7DC-1101FB46628A}
	EndGlobalSection
EndGlobal
