
Microsoft Visual Studio Solution File, Format Version 12.00
# Visual Studio 15
VisualStudioVersion = 15.0.28307.438
MinimumVisualStudioVersion = 10.0.40219.1
Project("{FAE04EC0-301F-11D3-BF4B-00C04F79EFBC}") = "adadad", "adadad\adadad.csproj", "{246A851C-D6BA-49F4-B06E-6549A93DCB38}"
EndProject
Global
	GlobalSection(SolutionConfigurationPlatforms) = preSolution
		Debug|Any CPU = Debug|Any CPU
		Release|Any CPU = Release|Any CPU
	EndGlobalSection
	GlobalSection(ProjectConfigurationPlatforms) = postSolution
		{246A851C-D6BA-49F4-B06E-6549A93DCB38}.Debug|Any CPU.ActiveCfg = Debug|Any CPU
		{246A851C-D6BA-49F4-B06E-6549A93DCB38}.Debug|Any CPU.Build.0 = Debug|Any CPU
		{246A851C-D6BA-49F4-B06E-6549A93DCB38}.Release|Any CPU.ActiveCfg = Release|Any CPU
		{246A851C-D6BA-49F4-B06E-6549A93DCB38}.Release|Any CPU.Build.0 = Release|Any CPU
	EndGlobalSection
	GlobalSection(SolutionProperties) = preSolution
		HideSolutionNode = FALSE
	EndGlobalSection
	GlobalSection(ExtensibilityGlobals) = postSolution
		SolutionGuid = {B31F902E-1C01-4E79-ACA2-3700EBA8729D}
	EndGlobalSection
EndGlobal
